{
  "name": "blog-download-worker",
  "version": "1.0.0",
  "lockfileVersion": 3,
  "requires": true,
  "packages": {
    "": {
      "name": "blog-download-worker",
      "version": "1.0.0",
      "dependencies": {
        "@cloudflare/workers-types": "^5.20260809.1"
      }
    },
    "node_modules/@cloudflare/workers-types": {
      "version": "5.20260809.1",
      "resolved": "https://registry.npmjs.org/@cloudflare/workers-types/-/workers-types-5.20260809.1.tgz",
      "integrity": "sha512-sBM+0I5lCY9LgTnorn/N2UyrA6KVbUzj9tncxwH8v6sH8tVeAyJj+i0z3xXWY4l4fd1oDcwt8CGf50vGwVISYQ==",
      "license": "MIT OR Apache-2.0"
    }
  }
}
